// !$*UTF8*$!
{
	archiveVersion = 1;
	classes = {
	};
	objectVersion = 51;
	objects = {

/* Begin PBXBuildFile section */
		4C0DC30027145DD0004C86CB /* HTTPClient.swift in Sources */ = {isa = PBXBuildFile; fileRef = 4C0DC2FF27145DD0004C86CB /* HTTPClient.swift */; };
		4C0DC30227145DF4004C86CB /* MovieAPI.swift in Sources */ = {isa = PBXBuildFile; fileRef = 4C0DC30127145DF4004C86CB /* MovieAPI.swift */; };
		4C0DC30427145E25004C86CB /* MovieDetailCastCrewInfo.swift in Sources */ = {isa = PBXBuildFile; fileRef = 4C0DC30327145E25004C86CB /* MovieDetailCastCrewInfo.swift */; };
		4C0DC30627145E36004C86CB /* MovieTrailerInfo.swift in Sources */ = {isa = PBXBuildFile; fileRef = 4C0DC30527145E36004C86CB /* MovieTrailerInfo.swift */; };
		4C431A41262C0CEF009288D3 /* AppDelegate.swift in Sources */ = {isa = PBXBuildFile; fileRef = 4C431A40262C0CEF009288D3 /* AppDelegate.swift */; };
		4C431A43262C0CEF009288D3 /* SceneDelegate.swift in Sources */ = {isa = PBXBuildFile; fileRef = 4C431A42262C0CEF009288D3 /* SceneDelegate.swift */; };
		4C431A45262C0CEF009288D3 /* ViewController.swift in Sources */ = {isa = PBXBuildFile; fileRef = 4C431A44262C0CEF009288D3 /* ViewController.swift */; };
		4C431A48262C0CEF009288D3 /* Main.storyboard in Resources */ = {isa = PBXBuildFile; fileRef = 4C431A46262C0CEF009288D3 /* Main.storyboard */; };
		4C431A4B262C0CEF009288D3 /* IMDBViewer.xcdatamodeld in Sources */ = {isa = PBXBuildFile; fileRef = 4C431A49262C0CEF009288D3 /* IMDBViewer.xcdatamodeld */; };
		4C431A4D262C0CF3009288D3 /* Assets.xcassets in Resources */ = {isa = PBXBuildFile; fileRef = 4C431A4C262C0CF3009288D3 /* Assets.xcassets */; };
		4C431A50262C0CF3009288D3 /* LaunchScreen.storyboard in Resources */ = {isa = PBXBuildFile; fileRef = 4C431A4E262C0CF3009288D3 /* LaunchScreen.storyboard */; };
		4C431A5B262C0CF3009288D3 /* IMDBViewerTests.swift in Sources */ = {isa = PBXBuildFile; fileRef = 4C431A5A262C0CF3009288D3 /* IMDBViewerTests.swift */; };
		4C431A66262C0CF4009288D3 /* IMDBViewerUITests.swift in Sources */ = {isa = PBXBuildFile; fileRef = 4C431A65262C0CF4009288D3 /* IMDBViewerUITests.swift */; };
		4C431A77262C167D009288D3 /* keys.plist in Resources */ = {isa = PBXBuildFile; fileRef = 4C431A76262C167D009288D3 /* keys.plist */; };
		4C431A7C262C210A009288D3 /* Movie.swift in Sources */ = {isa = PBXBuildFile; fileRef = 4C431A7B262C210A009288D3 /* Movie.swift */; };
		4C431A84262C2BFA009288D3 /* FilmResponse.json in Resources */ = {isa = PBXBuildFile; fileRef = 4C431A80262C27FE009288D3 /* FilmResponse.json */; };
		4C431A89262C353A009288D3 /* Rating.swift in Sources */ = {isa = PBXBuildFile; fileRef = 4C431A88262C353A009288D3 /* Rating.swift */; };
		4C455BBB26358CC60000C38F /* UpcomingCell.xib in Resources */ = {isa = PBXBuildFile; fileRef = 4C455BBA26358CC60000C38F /* UpcomingCell.xib */; };
		4C67E7EB263BC87A001EC9E1 /* PopularSmallMovieCell.swift in Sources */ = {isa = PBXBuildFile; fileRef = 4C67E7EA263BC87A001EC9E1 /* PopularSmallMovieCell.swift */; };
		4C67E7F3263BC887001EC9E1 /* PopularSmallMovieCell.xib in Resources */ = {isa = PBXBuildFile; fileRef = 4C67E7F2263BC887001EC9E1 /* PopularSmallMovieCell.xib */; };
		4CA3BF0D262D67A700F5FCB8 /* Pods_IMDBViewer.framework in Frameworks */ = {isa = PBXBuildFile; fileRef = 8977261474D3629FFF4E4011 /* Pods_IMDBViewer.framework */; };
		4CB007D7262CD02200B7ECAB /* MovieDetailViewController.swift in Sources */ = {isa = PBXBuildFile; fileRef = 4CB007D6262CD02200B7ECAB /* MovieDetailViewController.swift */; };
		4CB007DC262CD4E300B7ECAB /* MovieDetailsVideoCell.swift in Sources */ = {isa = PBXBuildFile; fileRef = 4CB007DB262CD4E300B7ECAB /* MovieDetailsVideoCell.swift */; };
		4CB007E1262CD4F100B7ECAB /* MovieDetailsVideoCell.xib in Resources */ = {isa = PBXBuildFile; fileRef = 4CB007E0262CD4F100B7ECAB /* MovieDetailsVideoCell.xib */; };
		4CB007E6262CDB1000B7ECAB /* MovieDetailsHeaderCell.swift in Sources */ = {isa = PBXBuildFile; fileRef = 4CB007E5262CDB1000B7ECAB /* MovieDetailsHeaderCell.swift */; };
		4CB007EB262CDB2200B7ECAB /* MovieDetailsHeaderCell.xib in Resources */ = {isa = PBXBuildFile; fileRef = 4CB007EA262CDB2200B7ECAB /* MovieDetailsHeaderCell.xib */; };
		4CC2506A263743BA00991559 /* HomeSectionHeader.swift in Sources */ = {isa = PBXBuildFile; fileRef = 4CC25069263743BA00991559 /* HomeSectionHeader.swift */; };
		4CC2506F263743C700991559 /* HomeSectionHeader.xib in Resources */ = {isa = PBXBuildFile; fileRef = 4CC2506E263743C700991559 /* HomeSectionHeader.xib */; };
		4CC2508D263805EB00991559 /* PopularCollectionViewCell.swift in Sources */ = {isa = PBXBuildFile; fileRef = 4CC2508C263805EA00991559 /* PopularCollectionViewCell.swift */; };
		4CC25092263805F700991559 /* PopularCollectionViewCell.xib in Resources */ = {isa = PBXBuildFile; fileRef = 4CC25091263805F700991559 /* PopularCollectionViewCell.xib */; };
		4CC3669A262CA35000E76C25 /* UIImageViewExtentions.swift in Sources */ = {isa = PBXBuildFile; fileRef = 4CC36697262CA34F00E76C25 /* UIImageViewExtentions.swift */; };
		4CC3669B262CA35000E76C25 /* Extensions.swift in Sources */ = {isa = PBXBuildFile; fileRef = 4CC36698262CA35000E76C25 /* Extensions.swift */; };
		4CC366A1262CA4B800E76C25 /* HomeViewModel.swift in Sources */ = {isa = PBXBuildFile; fileRef = 4CC366A0262CA4B800E76C25 /* HomeViewModel.swift */; };
		4CC366A6262CA5A800E76C25 /* PopularMovieCell.swift in Sources */ = {isa = PBXBuildFile; fileRef = 4CC366A5262CA5A800E76C25 /* PopularMovieCell.swift */; };
		4CC366AB262CA5B400E76C25 /* PopularMovieCell.xib in Resources */ = {isa = PBXBuildFile; fileRef = 4CC366AA262CA5B400E76C25 /* PopularMovieCell.xib */; };
		4CCD115D26356E7100951E83 /* UpcomingCollectionViewCell.xib in Resources */ = {isa = PBXBuildFile; fileRef = 4CCD115C26356E7100951E83 /* UpcomingCollectionViewCell.xib */; };
		4CCD11622635776500951E83 /* UpcomingCell.swift in Sources */ = {isa = PBXBuildFile; fileRef = 4CCD11612635776500951E83 /* UpcomingCell.swift */; };
		4CCD117B263578F200951E83 /* UpcomingCollectionViewCell.swift in Sources */ = {isa = PBXBuildFile; fileRef = 4CCD115726356E6500951E83 /* UpcomingCollectionViewCell.swift */; };
		4CF4701C262E21E0001A4ED8 /* MovieDetailViewModel.swift in Sources */ = {isa = PBXBuildFile; fileRef = 4CF4701B262E21DF001A4ED8 /* MovieDetailViewModel.swift */; };
		A9523D28C3DD2808799C2A45 /* Pods_IMDBViewerTests.framework in Frameworks */ = {isa = PBXBuildFile; fileRef = 98FC8AD6C18C81FEBD7D5522 /* Pods_IMDBViewerTests.framework */; };
		C4FCEE1FE0A3AC7CD047A5C0 /* Pods_IMDBViewer_IMDBViewerUITests.framework in Frameworks */ = {isa = PBXBuildFile; fileRef = EDBA8380D422B687B224DF9B /* Pods_IMDBViewer_IMDBViewerUITests.framework */; };
/* End PBXBuildFile section */

/* Begin PBXContainerItemProxy section */
		4C431A57262C0CF3009288D3 /* PBXContainerItemProxy */ = {
			isa = PBXContainerItemProxy;
			containerPortal = 4C431A35262C0CEE009288D3 /* Project object */;
			proxyType = 1;
			remoteGlobalIDString = 4C431A3C262C0CEF009288D3;
			remoteInfo = IMDBViewer;
		};
		4C431A62262C0CF4009288D3 /* PBXContainerItemProxy */ = {
			isa = PBXContainerItemProxy;
			containerPortal = 4C431A35262C0CEE009288D3 /* Project object */;
			proxyType = 1;
			remoteGlobalIDString = 4C431A3C262C0CEF009288D3;
			remoteInfo = IMDBViewer;
		};
/* End PBXContainerItemProxy section */

/* Begin PBXFileReference section */
		3AAC4947F9F8FC779B611E99 /* Pods-IMDBViewerTests.release.xcconfig */ = {isa = PBXFileReference; includeInIndex = 1; lastKnownFileType = text.xcconfig; name = "Pods-IMDBViewerTests.release.xcconfig"; path = "Target Support Files/Pods-IMDBViewerTests/Pods-IMDBViewerTests.release.xcconfig"; sourceTree = "<group>"; };
		4C0DC2FF27145DD0004C86CB /* HTTPClient.swift */ = {isa = PBXFileReference; fileEncoding = 4; lastKnownFileType = sourcecode.swift; path = HTTPClient.swift; sourceTree = "<group>"; };
		4C0DC30127145DF4004C86CB /* MovieAPI.swift */ = {isa = PBXFileReference; fileEncoding = 4; lastKnownFileType = sourcecode.swift; path = MovieAPI.swift; sourceTree = "<group>"; };
		4C0DC30327145E25004C86CB /* MovieDetailCastCrewInfo.swift */ = {isa = PBXFileReference; fileEncoding = 4; lastKnownFileType = sourcecode.swift; path = MovieDetailCastCrewInfo.swift; sourceTree = "<group>"; };
		4C0DC30527145E36004C86CB /* MovieTrailerInfo.swift */ = {isa = PBXFileReference; fileEncoding = 4; lastKnownFileType = sourcecode.swift; path = MovieTrailerInfo.swift; sourceTree = "<group>"; };
		4C431A3D262C0CEF009288D3 /* IMDBViewer.app */ = {isa = PBXFileReference; explicitFileType = wrapper.application; includeInIndex = 0; path = IMDBViewer.app; sourceTree = BUILT_PRODUCTS_DIR; };
		4C431A40262C0CEF009288D3 /* AppDelegate.swift */ = {isa = PBXFileReference; lastKnownFileType = sourcecode.swift; path = AppDelegate.swift; sourceTree = "<group>"; };
		4C431A42262C0CEF009288D3 /* SceneDelegate.swift */ = {isa = PBXFileReference; lastKnownFileType = sourcecode.swift; path = SceneDelegate.swift; sourceTree = "<group>"; };
		4C431A44262C0CEF009288D3 /* ViewController.swift */ = {isa = PBXFileReference; lastKnownFileType = sourcecode.swift; path = ViewController.swift; sourceTree = "<group>"; };
		4C431A47262C0CEF009288D3 /* Base */ = {isa = PBXFileReference; lastKnownFileType = file.storyboard; name = Base; path = Base.lproj/Main.storyboard; sourceTree = "<group>"; };
		4C431A4A262C0CEF009288D3 /* IMDBViewer.xcdatamodel */ = {isa = PBXFileReference; lastKnownFileType = wrapper.xcdatamodel; path = IMDBViewer.xcdatamodel; sourceTree = "<group>"; };
		4C431A4C262C0CF3009288D3 /* Assets.xcassets */ = {isa = PBXFileReference; lastKnownFileType = folder.assetcatalog; path = Assets.xcassets; sourceTree = "<group>"; };
		4C431A4F262C0CF3009288D3 /* Base */ = {isa = PBXFileReference; lastKnownFileType = file.storyboard; name = Base; path = Base.lproj/LaunchScreen.storyboard; sourceTree = "<group>"; };
		4C431A51262C0CF3009288D3 /* Info.plist */ = {isa = PBXFileReference; lastKnownFileType = text.plist.xml; path = Info.plist; sourceTree = "<group>"; };
		4C431A56262C0CF3009288D3 /* IMDBViewerTests.xctest */ = {isa = PBXFileReference; explicitFileType = wrapper.cfbundle; includeInIndex = 0; path = IMDBViewerTests.xctest; sourceTree = BUILT_PRODUCTS_DIR; };
		4C431A5A262C0CF3009288D3 /* IMDBViewerTests.swift */ = {isa = PBXFileReference; lastKnownFileType = sourcecode.swift; path = IMDBViewerTests.swift; sourceTree = "<group>"; };
		4C431A5C262C0CF3009288D3 /* Info.plist */ = {isa = PBXFileReference; lastKnownFileType = text.plist.xml; path = Info.plist; sourceTree = "<group>"; };
		4C431A61262C0CF4009288D3 /* IMDBViewerUITests.xctest */ = {isa = PBXFileReference; explicitFileType = wrapper.cfbundle; includeInIndex = 0; path = IMDBViewerUITests.xctest; sourceTree = BUILT_PRODUCTS_DIR; };
		4C431A65262C0CF4009288D3 /* IMDBViewerUITests.swift */ = {isa = PBXFileReference; lastKnownFileType = sourcecode.swift; path = IMDBViewerUITests.swift; sourceTree = "<group>"; };
		4C431A67262C0CF4009288D3 /* Info.plist */ = {isa = PBXFileReference; lastKnownFileType = text.plist.xml; path = Info.plist; sourceTree = "<group>"; };
		4C431A76262C167D009288D3 /* keys.plist */ = {isa = PBXFileReference; lastKnownFileType = text.plist.xml; path = keys.plist; sourceTree = "<group>"; };
		4C431A7B262C210A009288D3 /* Movie.swift */ = {isa = PBXFileReference; lastKnownFileType = sourcecode.swift; path = Movie.swift; sourceTree = "<group>"; };
		4C431A80262C27FE009288D3 /* FilmResponse.json */ = {isa = PBXFileReference; lastKnownFileType = text.json; path = FilmResponse.json; sourceTree = "<group>"; };
		4C431A88262C353A009288D3 /* Rating.swift */ = {isa = PBXFileReference; lastKnownFileType = sourcecode.swift; path = Rating.swift; sourceTree = "<group>"; };
		4C455BBA26358CC60000C38F /* UpcomingCell.xib */ = {isa = PBXFileReference; lastKnownFileType = file.xib; path = UpcomingCell.xib; sourceTree = "<group>"; };
		4C67E7EA263BC87A001EC9E1 /* PopularSmallMovieCell.swift */ = {isa = PBXFileReference; lastKnownFileType = sourcecode.swift; path = PopularSmallMovieCell.swift; sourceTree = "<group>"; };
		4C67E7F2263BC887001EC9E1 /* PopularSmallMovieCell.xib */ = {isa = PBXFileReference; lastKnownFileType = file.xib; path = PopularSmallMovieCell.xib; sourceTree = "<group>"; };
		4CA3BF12262D67C900F5FCB8 /* youtube-ios-player-helper */ = {isa = PBXFileReference; lastKnownFileType = folder; name = "youtube-ios-player-helper"; path = "Pods/youtube-ios-player-helper"; sourceTree = "<group>"; };
		4CB007D6262CD02200B7ECAB /* MovieDetailViewController.swift */ = {isa = PBXFileReference; lastKnownFileType = sourcecode.swift; path = MovieDetailViewController.swift; sourceTree = "<group>"; };
		4CB007DB262CD4E300B7ECAB /* MovieDetailsVideoCell.swift */ = {isa = PBXFileReference; lastKnownFileType = sourcecode.swift; path = MovieDetailsVideoCell.swift; sourceTree = "<group>"; };
		4CB007E0262CD4F100B7ECAB /* MovieDetailsVideoCell.xib */ = {isa = PBXFileReference; lastKnownFileType = file.xib; path = MovieDetailsVideoCell.xib; sourceTree = "<group>"; };
		4CB007E5262CDB1000B7ECAB /* MovieDetailsHeaderCell.swift */ = {isa = PBXFileReference; lastKnownFileType = sourcecode.swift; path = MovieDetailsHeaderCell.swift; sourceTree = "<group>"; };
		4CB007EA262CDB2200B7ECAB /* MovieDetailsHeaderCell.xib */ = {isa = PBXFileReference; lastKnownFileType = file.xib; path = MovieDetailsHeaderCell.xib; sourceTree = "<group>"; };
		4CC25069263743BA00991559 /* HomeSectionHeader.swift */ = {isa = PBXFileReference; lastKnownFileType = sourcecode.swift; path = HomeSectionHeader.swift; sourceTree = "<group>"; };
		4CC2506E263743C700991559 /* HomeSectionHeader.xib */ = {isa = PBXFileReference; lastKnownFileType = file.xib; path = HomeSectionHeader.xib; sourceTree = "<group>"; };
		4CC2508C263805EA00991559 /* PopularCollectionViewCell.swift */ = {isa = PBXFileReference; lastKnownFileType = sourcecode.swift; path = PopularCollectionViewCell.swift; sourceTree = "<group>"; };
		4CC25091263805F700991559 /* PopularCollectionViewCell.xib */ = {isa = PBXFileReference; lastKnownFileType = file.xib; path = PopularCollectionViewCell.xib; sourceTree = "<group>"; };
		4CC36697262CA34F00E76C25 /* UIImageViewExtentions.swift */ = {isa = PBXFileReference; fileEncoding = 4; lastKnownFileType = sourcecode.swift; path = UIImageViewExtentions.swift; sourceTree = "<group>"; };
		4CC36698262CA35000E76C25 /* Extensions.swift */ = {isa = PBXFileReference; fileEncoding = 4; lastKnownFileType = sourcecode.swift; path = Extensions.swift; sourceTree = "<group>"; };
		4CC366A0262CA4B800E76C25 /* HomeViewModel.swift */ = {isa = PBXFileReference; lastKnownFileType = sourcecode.swift; path = HomeViewModel.swift; sourceTree = "<group>"; };
		4CC366A5262CA5A800E76C25 /* PopularMovieCell.swift */ = {isa = PBXFileReference; lastKnownFileType = sourcecode.swift; path = PopularMovieCell.swift; sourceTree = "<group>"; };
		4CC366AA262CA5B400E76C25 /* PopularMovieCell.xib */ = {isa = PBXFileReference; lastKnownFileType = file.xib; path = PopularMovieCell.xib; sourceTree = "<group>"; };
		4CCD115726356E6500951E83 /* UpcomingCollectionViewCell.swift */ = {isa = PBXFileReference; lastKnownFileType = sourcecode.swift; path = UpcomingCollectionViewCell.swift; sourceTree = "<group>"; };
		4CCD115C26356E7100951E83 /* UpcomingCollectionViewCell.xib */ = {isa = PBXFileReference; lastKnownFileType = file.xib; path = UpcomingCollectionViewCell.xib; sourceTree = "<group>"; };
		4CCD11612635776500951E83 /* UpcomingCell.swift */ = {isa = PBXFileReference; lastKnownFileType = sourcecode.swift; path = UpcomingCell.swift; sourceTree = "<group>"; };
		4CF4701B262E21DF001A4ED8 /* MovieDetailViewModel.swift */ = {isa = PBXFileReference; lastKnownFileType = sourcecode.swift; path = MovieDetailViewModel.swift; sourceTree = "<group>"; };
		6771A15E3791534EF1EB82B6 /* Pods-IMDBViewerTests.debug.xcconfig */ = {isa = PBXFileReference; includeInIndex = 1; lastKnownFileType = text.xcconfig; name = "Pods-IMDBViewerTests.debug.xcconfig"; path = "Target Support Files/Pods-IMDBViewerTests/Pods-IMDBViewerTests.debug.xcconfig"; sourceTree = "<group>"; };
		8977261474D3629FFF4E4011 /* Pods_IMDBViewer.framework */ = {isa = PBXFileReference; explicitFileType = wrapper.framework; includeInIndex = 0; path = Pods_IMDBViewer.framework; sourceTree = BUILT_PRODUCTS_DIR; };
		8D8BD36E1F56B13ABCC5F2FA /* Pods-IMDBViewer-IMDBViewerUITests.debug.xcconfig */ = {isa = PBXFileReference; includeInIndex = 1; lastKnownFileType = text.xcconfig; name = "Pods-IMDBViewer-IMDBViewerUITests.debug.xcconfig"; path = "Target Support Files/Pods-IMDBViewer-IMDBViewerUITests/Pods-IMDBViewer-IMDBViewerUITests.debug.xcconfig"; sourceTree = "<group>"; };
		98FC8AD6C18C81FEBD7D5522 /* Pods_IMDBViewerTests.framework */ = {isa = PBXFileReference; explicitFileType = wrapper.framework; includeInIndex = 0; path = Pods_IMDBViewerTests.framework; sourceTree = BUILT_PRODUCTS_DIR; };
		A585BD79913A3E95C49A6CDC /* Pods-IMDBViewer.debug.xcconfig */ = {isa = PBXFileReference; includeInIndex = 1; lastKnownFileType = text.xcconfig; name = "Pods-IMDBViewer.debug.xcconfig"; path = "Target Support Files/Pods-IMDBViewer/Pods-IMDBViewer.debug.xcconfig"; sourceTree = "<group>"; };
		A66F2FD0916E14EF0C318463 /* Pods-IMDBViewer.release.xcconfig */ = {isa = PBXFileReference; includeInIndex = 1; lastKnownFileType = text.xcconfig; name = "Pods-IMDBViewer.release.xcconfig"; path = "Target Support Files/Pods-IMDBViewer/Pods-IMDBViewer.release.xcconfig"; sourceTree = "<group>"; };
		DABF06FA2858E7A67BB250E3 /* Pods-IMDBViewer-IMDBViewerUITests.release.xcconfig */ = {isa = PBXFileReference; includeInIndex = 1; lastKnownFileType = text.xcconfig; name = "Pods-IMDBViewer-IMDBViewerUITests.release.xcconfig"; path = "Target Support Files/Pods-IMDBViewer-IMDBViewerUITests/Pods-IMDBViewer-IMDBViewerUITests.release.xcconfig"; sourceTree = "<group>"; };
		EDBA8380D422B687B224DF9B /* Pods_IMDBViewer_IMDBViewerUITests.framework */ = {isa = PBXFileReference; explicitFileType = wrapper.framework; includeInIndex = 0; path = Pods_IMDBViewer_IMDBViewerUITests.framework; sourceTree = BUILT_PRODUCTS_DIR; };
/* End PBXFileReference section */

/* Begin PBXFrameworksBuildPhase section */
		4C431A3A262C0CEF009288D3 /* Frameworks */ = {
			isa = PBXFrameworksBuildPhase;
			buildActionMask = 2147483647;
			files = (
				4CA3BF0D262D67A700F5FCB8 /* Pods_IMDBViewer.framework in Frameworks */,
			);
			runOnlyForDeploymentPostprocessing = 0;
		};
		4C431A53262C0CF3009288D3 /* Frameworks */ = {
			isa = PBXFrameworksBuildPhase;
			buildActionMask = 2147483647;
			files = (
				A9523D28C3DD2808799C2A45 /* Pods_IMDBViewerTests.framework in Frameworks */,
			);
			runOnlyForDeploymentPostprocessing = 0;
		};
		4C431A5E262C0CF4009288D3 /* Frameworks */ = {
			isa = PBXFrameworksBuildPhase;
			buildActionMask = 2147483647;
			files = (
				C4FCEE1FE0A3AC7CD047A5C0 /* Pods_IMDBViewer_IMDBViewerUITests.framework in Frameworks */,
			);
			runOnlyForDeploymentPostprocessing = 0;
		};
/* End PBXFrameworksBuildPhase section */

/* Begin PBXGroup section */
		1E3A3E305BE29EB44F2FCBF7 /* Pods */ = {
			isa = PBXGroup;
			children = (
				A585BD79913A3E95C49A6CDC /* Pods-IMDBViewer.debug.xcconfig */,
				A66F2FD0916E14EF0C318463 /* Pods-IMDBViewer.release.xcconfig */,
				8D8BD36E1F56B13ABCC5F2FA /* Pods-IMDBViewer-IMDBViewerUITests.debug.xcconfig */,
				DABF06FA2858E7A67BB250E3 /* Pods-IMDBViewer-IMDBViewerUITests.release.xcconfig */,
				6771A15E3791534EF1EB82B6 /* Pods-IMDBViewerTests.debug.xcconfig */,
				3AAC4947F9F8FC779B611E99 /* Pods-IMDBViewerTests.release.xcconfig */,
			);
			path = Pods;
			sourceTree = "<group>";
		};
		4C431A34262C0CEE009288D3 = {
			isa = PBXGroup;
			children = (
				4C431A3F262C0CEF009288D3 /* IMDBViewer */,
				4C431A59262C0CF3009288D3 /* IMDBViewerTests */,
				4C431A64262C0CF4009288D3 /* IMDBViewerUITests */,
				4C431A3E262C0CEF009288D3 /* Products */,
				1E3A3E305BE29EB44F2FCBF7 /* Pods */,
				F8A58BEAFA3D07FBB6778C16 /* Frameworks */,
			);
			sourceTree = "<group>";
		};
		4C431A3E262C0CEF009288D3 /* Products */ = {
			isa = PBXGroup;
			children = (
				4C431A3D262C0CEF009288D3 /* IMDBViewer.app */,
				4C431A56262C0CF3009288D3 /* IMDBViewerTests.xctest */,
				4C431A61262C0CF4009288D3 /* IMDBViewerUITests.xctest */,
			);
			name = Products;
			sourceTree = "<group>";
		};
		4C431A3F262C0CEF009288D3 /* IMDBViewer */ = {
			isa = PBXGroup;
			children = (
				4C0DC2FF27145DD0004C86CB /* HTTPClient.swift */,
				4C0DC30127145DF4004C86CB /* MovieAPI.swift */,
				4C848742262E027D00B1EB68 /* Models */,
				4C431A40262C0CEF009288D3 /* AppDelegate.swift */,
				4C431A42262C0CEF009288D3 /* SceneDelegate.swift */,
				4C848750262E02CA00B1EB68 /* Movies Details */,
				4C848749262E028A00B1EB68 /* PopularMovies */,
				4C431A46262C0CEF009288D3 /* Main.storyboard */,
				4C431A4C262C0CF3009288D3 /* Assets.xcassets */,
				4C431A4E262C0CF3009288D3 /* LaunchScreen.storyboard */,
				4C431A51262C0CF3009288D3 /* Info.plist */,
				4C431A49262C0CEF009288D3 /* IMDBViewer.xcdatamodeld */,
				4C431A76262C167D009288D3 /* keys.plist */,
				4C431A80262C27FE009288D3 /* FilmResponse.json */,
				4CC36698262CA35000E76C25 /* Extensions.swift */,
				4CC36697262CA34F00E76C25 /* UIImageViewExtentions.swift */,
			);
			path = IMDBViewer;
			sourceTree = "<group>";
		};
		4C431A59262C0CF3009288D3 /* IMDBViewerTests */ = {
			isa = PBXGroup;
			children = (
				4C431A5A262C0CF3009288D3 /* IMDBViewerTests.swift */,
				4C431A5C262C0CF3009288D3 /* Info.plist */,
			);
			path = IMDBViewerTests;
			sourceTree = "<group>";
		};
		4C431A64262C0CF4009288D3 /* IMDBViewerUITests */ = {
			isa = PBXGroup;
			children = (
				4C431A65262C0CF4009288D3 /* IMDBViewerUITests.swift */,
				4C431A67262C0CF4009288D3 /* Info.plist */,
			);
			path = IMDBViewerUITests;
			sourceTree = "<group>";
		};
		4C848742262E027D00B1EB68 /* Models */ = {
			isa = PBXGroup;
			children = (
				4C0DC30327145E25004C86CB /* MovieDetailCastCrewInfo.swift */,
				4C0DC30527145E36004C86CB /* MovieTrailerInfo.swift */,
				4C431A7B262C210A009288D3 /* Movie.swift */,
				4C431A88262C353A009288D3 /* Rating.swift */,
			);
			path = Models;
			sourceTree = "<group>";
		};
		4C848749262E028A00B1EB68 /* PopularMovies */ = {
			isa = PBXGroup;
			children = (
				4C431A44262C0CEF009288D3 /* ViewController.swift */,
				4CC366A0262CA4B800E76C25 /* HomeViewModel.swift */,
				4CC25069263743BA00991559 /* HomeSectionHeader.swift */,
				4CC2506E263743C700991559 /* HomeSectionHeader.xib */,
				4C67E7EA263BC87A001EC9E1 /* PopularSmallMovieCell.swift */,
				4C67E7F2263BC887001EC9E1 /* PopularSmallMovieCell.xib */,
				4CC366A5262CA5A800E76C25 /* PopularMovieCell.swift */,
				4CC366AA262CA5B400E76C25 /* PopularMovieCell.xib */,
				4CC2508C263805EA00991559 /* PopularCollectionViewCell.swift */,
				4CC25091263805F700991559 /* PopularCollectionViewCell.xib */,
				4CCD115726356E6500951E83 /* UpcomingCollectionViewCell.swift */,
				4CCD115C26356E7100951E83 /* UpcomingCollectionViewCell.xib */,
				4CCD11612635776500951E83 /* UpcomingCell.swift */,
				4C455BBA26358CC60000C38F /* UpcomingCell.xib */,
			);
			path = PopularMovies;
			sourceTree = "<group>";
		};
		4C848750262E02CA00B1EB68 /* Movies Details */ = {
			isa = PBXGroup;
			children = (
				4CB007D6262CD02200B7ECAB /* MovieDetailViewController.swift */,
				4CF4701B262E21DF001A4ED8 /* MovieDetailViewModel.swift */,
				4CB007E5262CDB1000B7ECAB /* MovieDetailsHeaderCell.swift */,
				4CB007EA262CDB2200B7ECAB /* MovieDetailsHeaderCell.xib */,
				4CB007DB262CD4E300B7ECAB /* MovieDetailsVideoCell.swift */,
				4CB007E0262CD4F100B7ECAB /* MovieDetailsVideoCell.xib */,
			);
			path = "Movies Details";
			sourceTree = "<group>";
		};
		F8A58BEAFA3D07FBB6778C16 /* Frameworks */ = {
			isa = PBXGroup;
			children = (
				4CA3BF12262D67C900F5FCB8 /* youtube-ios-player-helper */,
				8977261474D3629FFF4E4011 /* Pods_IMDBViewer.framework */,
				EDBA8380D422B687B224DF9B /* Pods_IMDBViewer_IMDBViewerUITests.framework */,
				98FC8AD6C18C81FEBD7D5522 /* Pods_IMDBViewerTests.framework */,
			);
			name = Frameworks;
			sourceTree = "<group>";
		};
/* End PBXGroup section */

/* Begin PBXNativeTarget section */
		4C431A3C262C0CEF009288D3 /* IMDBViewer */ = {
			isa = PBXNativeTarget;
			buildConfigurationList = 4C431A6A262C0CF4009288D3 /* Build configuration list for PBXNativeTarget "IMDBViewer" */;
			buildPhases = (
				AE5A3C930B8C2B5EAFF49F9E /* [CP] Check Pods Manifest.lock */,
				4C431A39262C0CEF009288D3 /* Sources */,
				4C431A3A262C0CEF009288D3 /* Frameworks */,
				4C431A3B262C0CEF009288D3 /* Resources */,
				E74BCFCDC052F8A83F6E729D /* [CP] Embed Pods Frameworks */,
			);
			buildRules = (
			);
			dependencies = (
			);
			name = IMDBViewer;
			productName = IMDBViewer;
			productReference = 4C431A3D262C0CEF009288D3 /* IMDBViewer.app */;
			productType = "com.apple.product-type.application";
		};
		4C431A55262C0CF3009288D3 /* IMDBViewerTests */ = {
			isa = PBXNativeTarget;
			buildConfigurationList = 4C431A6D262C0CF4009288D3 /* Build configuration list for PBXNativeTarget "IMDBViewerTests" */;
			buildPhases = (
				74608555DC679DC52D5F586A /* [CP] Check Pods Manifest.lock */,
				4C431A52262C0CF3009288D3 /* Sources */,
				4C431A53262C0CF3009288D3 /* Frameworks */,
				4C431A54262C0CF3009288D3 /* Resources */,
			);
			buildRules = (
			);
			dependencies = (
				4C431A58262C0CF3009288D3 /* PBXTargetDependency */,
			);
			name = IMDBViewerTests;
			productName = IMDBViewerTests;
			productReference = 4C431A56262C0CF3009288D3 /* IMDBViewerTests.xctest */;
			productType = "com.apple.product-type.bundle.unit-test";
		};
		4C431A60262C0CF4009288D3 /* IMDBViewerUITests */ = {
			isa = PBXNativeTarget;
			buildConfigurationList = 4C431A70262C0CF4009288D3 /* Build configuration list for PBXNativeTarget "IMDBViewerUITests" */;
			buildPhases = (
				39372718B8936DC2022EAAB0 /* [CP] Check Pods Manifest.lock */,
				4C431A5D262C0CF4009288D3 /* Sources */,
				4C431A5E262C0CF4009288D3 /* Frameworks */,
				4C431A5F262C0CF4009288D3 /* Resources */,
				AF60A5BB57DB4AE68C3F976E /* [CP] Embed Pods Frameworks */,
			);
			buildRules = (
			);
			dependencies = (
				4C431A63262C0CF4009288D3 /* PBXTargetDependency */,
			);
			name = IMDBViewerUITests;
			productName = IMDBViewerUITests;
			productReference = 4C431A61262C0CF4009288D3 /* IMDBViewerUITests.xctest */;
			productType = "com.apple.product-type.bundle.ui-testing";
		};
/* End PBXNativeTarget section */

/* Begin PBXProject section */
		4C431A35262C0CEE009288D3 /* Project object */ = {
			isa = PBXProject;
			attributes = {
				LastSwiftUpdateCheck = 1240;
				LastUpgradeCheck = 1240;
				TargetAttributes = {
					4C431A3C262C0CEF009288D3 = {
						CreatedOnToolsVersion = 12.4;
					};
					4C431A55262C0CF3009288D3 = {
						CreatedOnToolsVersion = 12.4;
						TestTargetID = 4C431A3C262C0CEF009288D3;
					};
					4C431A60262C0CF4009288D3 = {
						CreatedOnToolsVersion = 12.4;
						TestTargetID = 4C431A3C262C0CEF009288D3;
					};
				};
			};
			buildConfigurationList = 4C431A38262C0CEF009288D3 /* Build configuration list for PBXProject "IMDBViewer" */;
			compatibilityVersion = "Xcode 9.3";
			developmentRegion = en;
			hasScannedForEncodings = 0;
			knownRegions = (
				en,
				Base,
			);
			mainGroup = 4C431A34262C0CEE009288D3;
			productRefGroup = 4C431A3E262C0CEF009288D3 /* Products */;
			projectDirPath = "";
			projectRoot = "";
			targets = (
				4C431A3C262C0CEF009288D3 /* IMDBViewer */,
				4C431A55262C0CF3009288D3 /* IMDBViewerTests */,
				4C431A60262C0CF4009288D3 /* IMDBViewerUITests */,
			);
		};
/* End PBXProject section */

/* Begin PBXResourcesBuildPhase section */
		4C431A3B262C0CEF009288D3 /* Resources */ = {
			isa = PBXResourcesBuildPhase;
			buildActionMask = 2147483647;
			files = (
				4C431A77262C167D009288D3 /* keys.plist in Resources */,
				4C67E7F3263BC887001EC9E1 /* PopularSmallMovieCell.xib in Resources */,
				4C431A50262C0CF3009288D3 /* LaunchScreen.storyboard in Resources */,
				4CB007EB262CDB2200B7ECAB /* MovieDetailsHeaderCell.xib in Resources */,
				4C455BBB26358CC60000C38F /* UpcomingCell.xib in Resources */,
				4CC25092263805F700991559 /* PopularCollectionViewCell.xib in Resources */,
				4CC366AB262CA5B400E76C25 /* PopularMovieCell.xib in Resources */,
				4CB007E1262CD4F100B7ECAB /* MovieDetailsVideoCell.xib in Resources */,
				4C431A4D262C0CF3009288D3 /* Assets.xcassets in Resources */,
				4C431A48262C0CEF009288D3 /* Main.storyboard in Resources */,
				4CC2506F263743C700991559 /* HomeSectionHeader.xib in Resources */,
				4C431A84262C2BFA009288D3 /* FilmResponse.json in Resources */,
				4CCD115D26356E7100951E83 /* UpcomingCollectionViewCell.xib in Resources */,
			);
			runOnlyForDeploymentPostprocessing = 0;
		};
		4C431A54262C0CF3009288D3 /* Resources */ = {
			isa = PBXResourcesBuildPhase;
			buildActionMask = 2147483647;
			files = (
			);
			runOnlyForDeploymentPostprocessing = 0;
		};
		4C431A5F262C0CF4009288D3 /* Resources */ = {
			isa = PBXResourcesBuildPhase;
			buildActionMask = 2147483647;
			files = (
			);
			runOnlyForDeploymentPostprocessing = 0;
		};
/* End PBXResourcesBuildPhase section */

/* Begin PBXShellScriptBuildPhase section */
		39372718B8936DC2022EAAB0 /* [CP] Check Pods Manifest.lock */ = {
			isa = PBXShellScriptBuildPhase;
			buildActionMask = 2147483647;
			files = (
			);
			inputFileListPaths = (
			);
			inputPaths = (
				"${PODS_PODFILE_DIR_PATH}/Podfile.lock",
				"${PODS_ROOT}/Manifest.lock",
			);
			name = "[CP] Check Pods Manifest.lock";
			outputFileListPaths = (
			);
			outputPaths = (
				"$(DERIVED_FILE_DIR)/Pods-IMDBViewer-IMDBViewerUITests-checkManifestLockResult.txt",
			);
			runOnlyForDeploymentPostprocessing = 0;
			shellPath = /bin/sh;
			shellScript = "diff \"${PODS_PODFILE_DIR_PATH}/Podfile.lock\" \"${PODS_ROOT}/Manifest.lock\" > /dev/null\nif [ $? != 0 ] ; then\n    # print error to STDERR\n    echo \"error: The sandbox is not in sync with the Podfile.lock. Run 'pod install' or update your CocoaPods installation.\" >&2\n    exit 1\nfi\n# This output is used by Xcode 'outputs' to avoid re-running this script phase.\necho \"SUCCESS\" > \"${SCRIPT_OUTPUT_FILE_0}\"\n";
			showEnvVarsInLog = 0;
		};
		74608555DC679DC52D5F586A /* [CP] Check Pods Manifest.lock */ = {
			isa = PBXShellScriptBuildPhase;
			buildActionMask = 2147483647;
			files = (
			);
			inputFileListPaths = (
			);
			inputPaths = (
				"${PODS_PODFILE_DIR_PATH}/Podfile.lock",
				"${PODS_ROOT}/Manifest.lock",
			);
			name = "[CP] Check Pods Manifest.lock";
			outputFileListPaths = (
			);
			outputPaths = (
				"$(DERIVED_FILE_DIR)/Pods-IMDBViewerTests-checkManifestLockResult.txt",
			);
			runOnlyForDeploymentPostprocessing = 0;
			shellPath = /bin/sh;
			shellScript = "diff \"${PODS_PODFILE_DIR_PATH}/Podfile.lock\" \"${PODS_ROOT}/Manifest.lock\" > /dev/null\nif [ $? != 0 ] ; then\n    # print error to STDERR\n    echo \"error: The sandbox is not in sync with the Podfile.lock. Run 'pod install' or update your CocoaPods installation.\" >&2\n    exit 1\nfi\n# This output is used by Xcode 'outputs' to avoid re-running this script phase.\necho \"SUCCESS\" > \"${SCRIPT_OUTPUT_FILE_0}\"\n";
			showEnvVarsInLog = 0;
		};
		AE5A3C930B8C2B5EAFF49F9E /* [CP] Check Pods Manifest.lock */ = {
			isa = PBXShellScriptBuildPhase;
			buildActionMask = 2147483647;
			files = (
			);
			inputFileListPaths = (
			);
			inputPaths = (
				"${PODS_PODFILE_DIR_PATH}/Podfile.lock",
				"${PODS_ROOT}/Manifest.lock",
			);
			name = "[CP] Check Pods Manifest.lock";
			outputFileListPaths = (
			);
			outputPaths = (
				"$(DERIVED_FILE_DIR)/Pods-IMDBViewer-checkManifestLockResult.txt",
			);
			runOnlyForDeploymentPostprocessing = 0;
			shellPath = /bin/sh;
			shellScript = "diff \"${PODS_PODFILE_DIR_PATH}/Podfile.lock\" \"${PODS_ROOT}/Manifest.lock\" > /dev/null\nif [ $? != 0 ] ; then\n    # print error to STDERR\n    echo \"error: The sandbox is not in sync with the Podfile.lock. Run 'pod install' or update your CocoaPods installation.\" >&2\n    exit 1\nfi\n# This output is used by Xcode 'outputs' to avoid re-running this script phase.\necho \"SUCCESS\" > \"${SCRIPT_OUTPUT_FILE_0}\"\n";
			showEnvVarsInLog = 0;
		};
		AF60A5BB57DB4AE68C3F976E /* [CP] Embed Pods Frameworks */ = {
			isa = PBXShellScriptBuildPhase;
			buildActionMask = 2147483647;
			files = (
			);
			inputFileListPaths = (
				"${PODS_ROOT}/Target Support Files/Pods-IMDBViewer-IMDBViewerUITests/Pods-IMDBViewer-IMDBViewerUITests-frameworks-${CONFIGURATION}-input-files.xcfilelist",
			);
			name = "[CP] Embed Pods Frameworks";
			outputFileListPaths = (
				"${PODS_ROOT}/Target Support Files/Pods-IMDBViewer-IMDBViewerUITests/Pods-IMDBViewer-IMDBViewerUITests-frameworks-${CONFIGURATION}-output-files.xcfilelist",
			);
			runOnlyForDeploymentPostprocessing = 0;
			shellPath = /bin/sh;
			shellScript = "\"${PODS_ROOT}/Target Support Files/Pods-IMDBViewer-IMDBViewerUITests/Pods-IMDBViewer-IMDBViewerUITests-frameworks.sh\"\n";
			showEnvVarsInLog = 0;
		};
		E74BCFCDC052F8A83F6E729D /* [CP] Embed Pods Frameworks */ = {
			isa = PBXShellScriptBuildPhase;
			buildActionMask = 2147483647;
			files = (
			);
			inputFileListPaths = (
				"${PODS_ROOT}/Target Support Files/Pods-IMDBViewer/Pods-IMDBViewer-frameworks-${CONFIGURATION}-input-files.xcfilelist",
			);
			name = "[CP] Embed Pods Frameworks";
			outputFileListPaths = (
				"${PODS_ROOT}/Target Support Files/Pods-IMDBViewer/Pods-IMDBViewer-frameworks-${CONFIGURATION}-output-files.xcfilelist",
			);
			runOnlyForDeploymentPostprocessing = 0;
			shellPath = /bin/sh;
			shellScript = "\"${PODS_ROOT}/Target Support Files/Pods-IMDBViewer/Pods-IMDBViewer-frameworks.sh\"\n";
			showEnvVarsInLog = 0;
		};
/* End PBXShellScriptBuildPhase section */

/* Begin PBXSourcesBuildPhase section */
		4C431A39262C0CEF009288D3 /* Sources */ = {
			isa = PBXSourcesBuildPhase;
			buildActionMask = 2147483647;
			files = (
				4CF4701C262E21E0001A4ED8 /* MovieDetailViewModel.swift in Sources */,
				4C0DC30027145DD0004C86CB /* HTTPClient.swift in Sources */,
				4C0DC30227145DF4004C86CB /* MovieAPI.swift in Sources */,
				4C431A89262C353A009288D3 /* Rating.swift in Sources */,
				4CCD11622635776500951E83 /* UpcomingCell.swift in Sources */,
				4C431A7C262C210A009288D3 /* Movie.swift in Sources */,
				4C431A45262C0CEF009288D3 /* ViewController.swift in Sources */,
				4CC2508D263805EB00991559 /* PopularCollectionViewCell.swift in Sources */,
				4CB007D7262CD02200B7ECAB /* MovieDetailViewController.swift in Sources */,
				4CC3669B262CA35000E76C25 /* Extensions.swift in Sources */,
				4C431A4B262C0CEF009288D3 /* IMDBViewer.xcdatamodeld in Sources */,
				4CC366A6262CA5A800E76C25 /* PopularMovieCell.swift in Sources */,
				4C431A41262C0CEF009288D3 /* AppDelegate.swift in Sources */,
				4CC366A1262CA4B800E76C25 /* HomeViewModel.swift in Sources */,
				4CB007E6262CDB1000B7ECAB /* MovieDetailsHeaderCell.swift in Sources */,
				4C0DC30627145E36004C86CB /* MovieTrailerInfo.swift in Sources */,
				4CB007DC262CD4E300B7ECAB /* MovieDetailsVideoCell.swift in Sources */,
				4CCD117B263578F200951E83 /* UpcomingCollectionViewCell.swift in Sources */,
				4C0DC30427145E25004C86CB /* MovieDetailCastCrewInfo.swift in Sources */,
				4CC2506A263743BA00991559 /* HomeSectionHeader.swift in Sources */,
				4C431A43262C0CEF009288D3 /* SceneDelegate.swift in Sources */,
				4CC3669A262CA35000E76C25 /* UIImageViewExtentions.swift in Sources */,
				4C67E7EB263BC87A001EC9E1 /* PopularSmallMovieCell.swift in Sources */,
			);
			runOnlyForDeploymentPostprocessing = 0;
		};
		4C431A52262C0CF3009288D3 /* Sources */ = {
			isa = PBXSourcesBuildPhase;
			buildActionMask = 2147483647;
			files = (
				4C431A5B262C0CF3009288D3 /* IMDBViewerTests.swift in Sources */,
			);
			runOnlyForDeploymentPostprocessing = 0;
		};
		4C431A5D262C0CF4009288D3 /* Sources */ = {
			isa = PBXSourcesBuildPhase;
			buildActionMask = 2147483647;
			files = (
				4C431A66262C0CF4009288D3 /* IMDBViewerUITests.swift in Sources */,
			);
			runOnlyForDeploymentPostprocessing = 0;
		};
/* End PBXSourcesBuildPhase section */

/* Begin PBXTargetDependency section */
		4C431A58262C0CF3009288D3 /* PBXTargetDependency */ = {
			isa = PBXTargetDependency;
			target = 4C431A3C262C0CEF009288D3 /* IMDBViewer */;
			targetProxy = 4C431A57262C0CF3009288D3 /* PBXContainerItemProxy */;
		};
		4C431A63262C0CF4009288D3 /* PBXTargetDependency */ = {
			isa = PBXTargetDependency;
			target = 4C431A3C262C0CEF009288D3 /* IMDBViewer */;
			targetProxy = 4C431A62262C0CF4009288D3 /* PBXContainerItemProxy */;
		};
/* End PBXTargetDependency section */

/* Begin PBXVariantGroup section */
		4C431A46262C0CEF009288D3 /* Main.storyboard */ = {
			isa = PBXVariantGroup;
			children = (
				4C431A47262C0CEF009288D3 /* Base */,
			);
			name = Main.storyboard;
			sourceTree = "<group>";
		};
		4C431A4E262C0CF3009288D3 /* LaunchScreen.storyboard */ = {
			isa = PBXVariantGroup;
			children = (
				4C431A4F262C0CF3009288D3 /* Base */,
			);
			name = LaunchScreen.storyboard;
			sourceTree = "<group>";
		};
/* End PBXVariantGroup section */

/* Begin XCBuildConfiguration section */
		4C431A68262C0CF4009288D3 /* Debug */ = {
			isa = XCBuildConfiguration;
			buildSettings = {
				ALWAYS_SEARCH_USER_PATHS = NO;
				CLANG_ANALYZER_NONNULL = YES;
				CLANG_ANALYZER_NUMBER_OBJECT_CONVERSION = YES_AGGRESSIVE;
				CLANG_CXX_LANGUAGE_STANDARD = "gnu++14";
				CLANG_CXX_LIBRARY = "libc++";
				CLANG_ENABLE_MODULES = YES;
				CLANG_ENABLE_OBJC_ARC = YES;
				CLANG_ENABLE_OBJC_WEAK = YES;
				CLANG_WARN_BLOCK_CAPTURE_AUTORELEASING = YES;
				CLANG_WARN_BOOL_CONVERSION = YES;
				CLANG_WARN_COMMA = YES;
				CLANG_WARN_CONSTANT_CONVERSION = YES;
				CLANG_WARN_DEPRECATED_OBJC_IMPLEMENTATIONS = YES;
				CLANG_WARN_DIRECT_OBJC_ISA_USAGE = YES_ERROR;
				CLANG_WARN_DOCUMENTATION_COMMENTS = YES;
				CLANG_WARN_EMPTY_BODY = YES;
				CLANG_WARN_ENUM_CONVERSION = YES;
				CLANG_WARN_INFINITE_RECURSION = YES;
				CLANG_WARN_INT_CONVERSION = YES;
				CLANG_WARN_NON_LITERAL_NULL_CONVERSION = YES;
				CLANG_WARN_OBJC_IMPLICIT_RETAIN_SELF = YES;
				CLANG_WARN_OBJC_LITERAL_CONVERSION = YES;
				CLANG_WARN_OBJC_ROOT_CLASS = YES_ERROR;
				CLANG_WARN_QUOTED_INCLUDE_IN_FRAMEWORK_HEADER = YES;
				CLANG_WARN_RANGE_LOOP_ANALYSIS = YES;
				CLANG_WARN_STRICT_PROTOTYPES = YES;
				CLANG_WARN_SUSPICIOUS_MOVE = YES;
				CLANG_WARN_UNGUARDED_AVAILABILITY = YES_AGGRESSIVE;
				CLANG_WARN_UNREACHABLE_CODE = YES;
				CLANG_WARN__DUPLICATE_METHOD_MATCH = YES;
				COPY_PHASE_STRIP = NO;
				DEBUG_INFORMATION_FORMAT = dwarf;
				ENABLE_STRICT_OBJC_MSGSEND = YES;
				ENABLE_TESTABILITY = YES;
				GCC_C_LANGUAGE_STANDARD = gnu11;
				GCC_DYNAMIC_NO_PIC = NO;
				GCC_NO_COMMON_BLOCKS = YES;
				GCC_OPTIMIZATION_LEVEL = 0;
				GCC_PREPROCESSOR_DEFINITIONS = (
					"DEBUG=1",
					"$(inherited)",
				);
				GCC_WARN_64_TO_32_BIT_CONVERSION = YES;
				GCC_WARN_ABOUT_RETURN_TYPE = YES_ERROR;
				GCC_WARN_UNDECLARED_SELECTOR = YES;
				GCC_WARN_UNINITIALIZED_AUTOS = YES_AGGRESSIVE;
				GCC_WARN_UNUSED_FUNCTION = YES;
				GCC_WARN_UNUSED_VARIABLE = YES;
				IPHONEOS_DEPLOYMENT_TARGET = 13.0;
				MTL_ENABLE_DEBUG_INFO = INCLUDE_SOURCE;
				MTL_FAST_MATH = YES;
				ONLY_ACTIVE_ARCH = YES;
				SDKROOT = iphoneos;
				SWIFT_ACTIVE_COMPILATION_CONDITIONS = DEBUG;
				SWIFT_OPTIMIZATION_LEVEL = "-Onone";
			};
			name = Debug;
		};
		4C431A69262C0CF4009288D3 /* Release */ = {
			isa = XCBuildConfiguration;
			buildSettings = {
				ALWAYS_SEARCH_USER_PATHS = NO;
				CLANG_ANALYZER_NONNULL = YES;
				CLANG_ANALYZER_NUMBER_OBJECT_CONVERSION = YES_AGGRESSIVE;
				CLANG_CXX_LANGUAGE_STANDARD = "gnu++14";
				CLANG_CXX_LIBRARY = "libc++";
				CLANG_ENABLE_MODULES = YES;
				CLANG_ENABLE_OBJC_ARC = YES;
				CLANG_ENABLE_OBJC_WEAK = YES;
				CLANG_WARN_BLOCK_CAPTURE_AUTORELEASING = YES;
				CLANG_WARN_BOOL_CONVERSION = YES;
				CLANG_WARN_COMMA = YES;
				CLANG_WARN_CONSTANT_CONVERSION = YES;
				CLANG_WARN_DEPRECATED_OBJC_IMPLEMENTATIONS = YES;
				CLANG_WARN_DIRECT_OBJC_ISA_USAGE = YES_ERROR;
				CLANG_WARN_DOCUMENTATION_COMMENTS = YES;
				CLANG_WARN_EMPTY_BODY = YES;
				CLANG_WARN_ENUM_CONVERSION = YES;
				CLANG_WARN_INFINITE_RECURSION = YES;
				CLANG_WARN_INT_CONVERSION = YES;
				CLANG_WARN_NON_LITERAL_NULL_CONVERSION = YES;
				CLANG_WARN_OBJC_IMPLICIT_RETAIN_SELF = YES;
				CLANG_WARN_OBJC_LITERAL_CONVERSION = YES;
				CLANG_WARN_OBJC_ROOT_CLASS = YES_ERROR;
				CLANG_WARN_QUOTED_INCLUDE_IN_FRAMEWORK_HEADER = YES;
				CLANG_WARN_RANGE_LOOP_ANALYSIS = YES;
				CLANG_WARN_STRICT_PROTOTYPES = YES;
				CLANG_WARN_SUSPICIOUS_MOVE = YES;
				CLANG_WARN_UNGUARDED_AVAILABILITY = YES_AGGRESSIVE;
				CLANG_WARN_UNREACHABLE_CODE = YES;
				CLANG_WARN__DUPLICATE_METHOD_MATCH = YES;
				COPY_PHASE_STRIP = NO;
				DEBUG_INFORMATION_FORMAT = "dwarf-with-dsym";
				ENABLE_NS_ASSERTIONS = NO;
				ENABLE_STRICT_OBJC_MSGSEND = YES;
				GCC_C_LANGUAGE_STANDARD = gnu11;
				GCC_NO_COMMON_BLOCKS = YES;
				GCC_WARN_64_TO_32_BIT_CONVERSION = YES;
				GCC_WARN_ABOUT_RETURN_TYPE = YES_ERROR;
				GCC_WARN_UNDECLARED_SELECTOR = YES;
				GCC_WARN_UNINITIALIZED_AUTOS = YES_AGGRESSIVE;
				GCC_WARN_UNUSED_FUNCTION = YES;
				GCC_WARN_UNUSED_VARIABLE = YES;
				IPHONEOS_DEPLOYMENT_TARGET = 13.0;
				MTL_ENABLE_DEBUG_INFO = NO;
				MTL_FAST_MATH = YES;
				SDKROOT = iphoneos;
				SWIFT_COMPILATION_MODE = wholemodule;
				SWIFT_OPTIMIZATION_LEVEL = "-O";
				VALIDATE_PRODUCT = YES;
			};
			name = Release;
		};
		4C431A6B262C0CF4009288D3 /* Debug */ = {
			isa = XCBuildConfiguration;
			baseConfigurationReference = A585BD79913A3E95C49A6CDC /* Pods-IMDBViewer.debug.xcconfig */;
			buildSettings = {
				ASSETCATALOG_COMPILER_APPICON_NAME = AppIcon;
				ASSETCATALOG_COMPILER_GLOBAL_ACCENT_COLOR_NAME = AccentColor;
				CODE_SIGN_STYLE = Automatic;
				DEVELOPMENT_TEAM = 9URT9YH7AX;
				INFOPLIST_FILE = IMDBViewer/Info.plist;
				LD_RUNPATH_SEARCH_PATHS = (
					"$(inherited)",
					"@executable_path/Frameworks",
				);
				PRODUCT_BUNDLE_IDENTIFIER = com.congle.TEAMCONG.IMDBViewer;
				PRODUCT_NAME = "$(TARGET_NAME)";
				SWIFT_VERSION = 5.0;
				TARGETED_DEVICE_FAMILY = "1,2";
			};
			name = Debug;
		};
		4C431A6C262C0CF4009288D3 /* Release */ = {
			isa = XCBuildConfiguration;
			baseConfigurationReference = A66F2FD0916E14EF0C318463 /* Pods-IMDBViewer.release.xcconfig */;
			buildSettings = {
				ASSETCATALOG_COMPILER_APPICON_NAME = AppIcon;
				ASSETCATALOG_COMPILER_GLOBAL_ACCENT_COLOR_NAME = AccentColor;
				CODE_SIGN_STYLE = Automatic;
				DEVELOPMENT_TEAM = 9URT9YH7AX;
				INFOPLIST_FILE = IMDBViewer/Info.plist;
				LD_RUNPATH_SEARCH_PATHS = (
					"$(inherited)",
					"@executable_path/Frameworks",
				);
				PRODUCT_BUNDLE_IDENTIFIER = com.congle.TEAMCONG.IMDBViewer;
				PRODUCT_NAME = "$(TARGET_NAME)";
				SWIFT_VERSION = 5.0;
				TARGETED_DEVICE_FAMILY = "1,2";
			};
			name = Release;
		};
		4C431A6E262C0CF4009288D3 /* Debug */ = {
			isa = XCBuildConfiguration;
			baseConfigurationReference = 6771A15E3791534EF1EB82B6 /* Pods-IMDBViewerTests.debug.xcconfig */;
			buildSettings = {
				ALWAYS_EMBED_SWIFT_STANDARD_LIBRARIES = YES;
				BUNDLE_LOADER = "$(TEST_HOST)";
				CODE_SIGN_STYLE = Automatic;
				DEVELOPMENT_TEAM = 9URT9YH7AX;
				INFOPLIST_FILE = IMDBViewerTests/Info.plist;
				IPHONEOS_DEPLOYMENT_TARGET = 14.4;
				LD_RUNPATH_SEARCH_PATHS = (
					"$(inherited)",
					"@executable_path/Frameworks",
					"@loader_path/Frameworks",
				);
				PRODUCT_BUNDLE_IDENTIFIER = com.congle.TEAMCONG.IMDBViewerTests;
				PRODUCT_NAME = "$(TARGET_NAME)";
				SWIFT_VERSION = 5.0;
				TARGETED_DEVICE_FAMILY = "1,2";
				TEST_HOST = "$(BUILT_PRODUCTS_DIR)/IMDBViewer.app/IMDBViewer";
			};
			name = Debug;
		};
		4C431A6F262C0CF4009288D3 /* Release */ = {
			isa = XCBuildConfiguration;
			baseConfigurationReference = 3AAC4947F9F8FC779B611E99 /* Pods-IMDBViewerTests.release.xcconfig */;
			buildSettings = {
				ALWAYS_EMBED_SWIFT_STANDARD_LIBRARIES = YES;
				BUNDLE_LOADER = "$(TEST_HOST)";
				CODE_SIGN_STYLE = Automatic;
				DEVELOPMENT_TEAM = 9URT9YH7AX;
				INFOPLIST_FILE = IMDBViewerTests/Info.plist;
				IPHONEOS_DEPLOYMENT_TARGET = 14.4;
				LD_RUNPATH_SEARCH_PATHS = (
					"$(inherited)",
					"@executable_path/Frameworks",
					"@loader_path/Frameworks",
				);
				PRODUCT_BUNDLE_IDENTIFIER = com.congle.TEAMCONG.IMDBViewerTests;
				PRODUCT_NAME = "$(TARGET_NAME)";
				SWIFT_VERSION = 5.0;
				TARGETED_DEVICE_FAMILY = "1,2";
				TEST_HOST = "$(BUILT_PRODUCTS_DIR)/IMDBViewer.app/IMDBViewer";
			};
			name = Release;
		};
		4C431A71262C0CF4009288D3 /* Debug */ = {
			isa = XCBuildConfiguration;
			baseConfigurationReference = 8D8BD36E1F56B13ABCC5F2FA /* Pods-IMDBViewer-IMDBViewerUITests.debug.xcconfig */;
			buildSettings = {
				ALWAYS_EMBED_SWIFT_STANDARD_LIBRARIES = YES;
				CODE_SIGN_STYLE = Automatic;
				DEVELOPMENT_TEAM = 9URT9YH7AX;
				INFOPLIST_FILE = IMDBViewerUITests/Info.plist;
				LD_RUNPATH_SEARCH_PATHS = (
					"$(inherited)",
					"@executable_path/Frameworks",
					"@loader_path/Frameworks",
				);
				PRODUCT_BUNDLE_IDENTIFIER = com.congle.TEAMCONG.IMDBViewerUITests;
				PRODUCT_NAME = "$(TARGET_NAME)";
				SWIFT_VERSION = 5.0;
				TARGETED_DEVICE_FAMILY = "1,2";
				TEST_TARGET_NAME = IMDBViewer;
			};
			name = Debug;
		};
		4C431A72262C0CF4009288D3 /* Release */ = {
			isa = XCBuildConfiguration;
			baseConfigurationReference = DABF06FA2858E7A67BB250E3 /* Pods-IMDBViewer-IMDBViewerUITests.release.xcconfig */;
			buildSettings = {
				ALWAYS_EMBED_SWIFT_STANDARD_LIBRARIES = YES;
				CODE_SIGN_STYLE = Automatic;
				DEVELOPMENT_TEAM = 9URT9YH7AX;
				INFOPLIST_FILE = IMDBViewerUITests/Info.plist;
				LD_RUNPATH_SEARCH_PATHS = (
					"$(inherited)",
					"@executable_path/Frameworks",
					"@loader_path/Frameworks",
				);
				PRODUCT_BUNDLE_IDENTIFIER = com.congle.TEAMCONG.IMDBViewerUITests;
				PRODUCT_NAME = "$(TARGET_NAME)";
				SWIFT_VERSION = 5.0;
				TARGETED_DEVICE_FAMILY = "1,2";
				TEST_TARGET_NAME = IMDBViewer;
			};
			name = Release;
		};
/* End XCBuildConfiguration section */

/* Begin XCConfigurationList section */
		4C431A38262C0CEF009288D3 /* Build configuration list for PBXProject "IMDBViewer" */ = {
			isa = XCConfigurationList;
			buildConfigurations = (
				4C431A68262C0CF4009288D3 /* Debug */,
				4C431A69262C0CF4009288D3 /* Release */,
			);
			defaultConfigurationIsVisible = 0;
			defaultConfigurationName = Release;
		};
		4C431A6A262C0CF4009288D3 /* Build configuration list for PBXNativeTarget "IMDBViewer" */ = {
			isa = XCConfigurationList;
			buildConfigurations = (
				4C431A6B262C0CF4009288D3 /* Debug */,
				4C431A6C262C0CF4009288D3 /* Release */,
			);
			defaultConfigurationIsVisible = 0;
			defaultConfigurationName = Release;
		};
		4C431A6D262C0CF4009288D3 /* Build configuration list for PBXNativeTarget "IMDBViewerTests" */ = {
			isa = XCConfigurationList;
			buildConfigurations = (
				4C431A6E262C0CF4009288D3 /* Debug */,
				4C431A6F262C0CF4009288D3 /* Release */,
			);
			defaultConfigurationIsVisible = 0;
			defaultConfigurationName = Release;
		};
		4C431A70262C0CF4009288D3 /* Build configuration list for PBXNativeTarget "IMDBViewerUITests" */ = {
			isa = XCConfigurationList;
			buildConfigurations = (
				4C431A71262C0CF4009288D3 /* Debug */,
				4C431A72262C0CF4009288D3 /* Release */,
			);
			defaultConfigurationIsVisible = 0;
			defaultConfigurationName = Release;
		};
/* End XCConfigurationList section */

/* Begin XCVersionGroup section */
		4C431A49262C0CEF009288D3 /* IMDBViewer.xcdatamodeld */ = {
			isa = XCVersionGroup;
			children = (
				4C431A4A262C0CEF009288D3 /* IMDBViewer.xcdatamodel */,
			);
			currentVersion = 4C431A4A262C0CEF009288D3 /* IMDBViewer.xcdatamodel */;
			path = IMDBViewer.xcdatamodeld;
			sourceTree = "<group>";
			versionGroupType = wrapper.xcdatamodel;
		};
/* End XCVersionGroup section */
	};
	rootObject = 4C431A35262C0CEE009288D3 /* Project object */;
}
